// !$*UTF8*$!
{
	archiveVersion = 1;
	classes = {
	};
	objectVersion = 46;
	objects = {

/* Begin PBXBuildFile section */
		183BD3381C13CE650087480A /* AppDelegate.swift in Sources */ = {isa = PBXBuildFile; fileRef = 183BD3371C13CE650087480A /* AppDelegate.swift */; };
		183BD33A1C13CE650087480A /* ViewController.swift in Sources */ = {isa = PBXBuildFile; fileRef = 183BD3391C13CE650087480A /* ViewController.swift */; };
		183BD33D1C13CE650087480A /* Main.storyboard in Resources */ = {isa = PBXBuildFile; fileRef = 183BD33B1C13CE650087480A /* Main.storyboard */; };
		183BD33F1C13CE650087480A /* Images.xcassets in Resources */ = {isa = PBXBuildFile; fileRef = 183BD33E1C13CE650087480A /* Images.xcassets */; };
		183BD3421C13CE650087480A /* LaunchScreen.xib in Resources */ = {isa = PBXBuildFile; fileRef = 183BD3401C13CE650087480A /* LaunchScreen.xib */; };
		183BD34E1C13CE650087480A /* TipsTests.swift in Sources */ = {isa = PBXBuildFile; fileRef = 183BD34D1C13CE650087480A /* TipsTests.swift */; };
		18E694001C3492A8004161D6 /* tipper.png in Resources */ = {isa = PBXBuildFile; fileRef = 18E693FF1C3492A8004161D6 /* tipper.png */; };
		18E694041C34936C004161D6 /* 591260-head-128.png in Resources */ = {isa = PBXBuildFile; fileRef = 18E694031C34936C004161D6 /* 591260-head-128.png */; };
/* End PBXBuildFile section */

/* Begin PBXContainerItemProxy section */
		183BD3481C13CE650087480A /* PBXContainerItemProxy */ = {
			isa = PBXContainerItemProxy;
			containerPortal = 183BD32A1C13CE630087480A /* Project object */;
			proxyType = 1;
			remoteGlobalIDString = 183BD3311C13CE640087480A;
			remoteInfo = Tips;
		};
/* End PBXContainerItemProxy section */

/* Begin PBXFileReference section */
		183BD3321C13CE640087480A /* Tips.app */ = {isa = PBXFileReference; explicitFileType = wrapper.application; includeInIndex = 0; path = Tips.app; sourceTree = BUILT_PRODUCTS_DIR; };
		183BD3361C13CE650087480A /* Info.plist */ = {isa = PBXFileReference; lastKnownFileType = text.plist.xml; path = Info.plist; sourceTree = "<group>"; };
		183BD3371C13CE650087480A /* AppDelegate.swift */ = {isa = PBXFileReference; lastKnownFileType = sourcecode.swift; path = AppDelegate.swift; sourceTree = "<group>"; };
		183BD3391C13CE650087480A /* ViewController.swift */ = {isa = PBXFileReference; lastKnownFileType = sourcecode.swift; path = ViewController.swift; sourceTree = "<group>"; };
		183BD33C1C13CE650087480A /* Base */ = {isa = PBXFileReference; lastKnownFileType = file.storyboard; name = Base; path = Base.lproj/Main.storyboard; sourceTree = "<group>"; };
		183BD33E1C13CE650087480A /* Images.xcassets */ = {isa = PBXFileReference; lastKnownFileType = folder.assetcatalog; path = Images.xcassets; sourceTree = "<group>"; };
		183BD3411C13CE650087480A /* Base */ = {isa = PBXFileReference; lastKnownFileType = file.xib; name = Base; path = Base.lproj/LaunchScreen.xib; sourceTree = "<group>"; };
		183BD3471C13CE650087480A /* TipsTests.xctest */ = {isa = PBXFileReference; explicitFileType = wrapper.cfbundle; includeInIndex = 0; path = TipsTests.xctest; sourceTree = BUILT_PRODUCTS_DIR; };
		183BD34C1C13CE650087480A /* Info.plist */ = {isa = PBXFileReference; lastKnownFileType = text.plist.xml; path = Info.plist; sourceTree = "<group>"; };
		183BD34D1C13CE650087480A /* TipsTests.swift */ = {isa = PBXFileReference; lastKnownFileType = sourcecode.swift; path = TipsTests.swift; sourceTree = "<group>"; };
		18E693FF1C3492A8004161D6 /* tipper.png */ = {isa = PBXFileReference; lastKnownFileType = image.png; path = tipper.png; sourceTree = "<group>"; };
		18E694031C34936C004161D6 /* 591260-head-128.png */ = {isa = PBXFileReference; lastKnownFileType = image.png; name = "591260-head-128.png"; path = "../591260-head-128.png"; sourceTree = "<group>"; };
/* End PBXFileReference section */

/* Begin PBXFrameworksBuildPhase section */
		183BD32F1C13CE640087480A /* Frameworks */ = {
			isa = PBXFrameworksBuildPhase;
			buildActionMask = 2147483647;
			files = (
			);
			runOnlyForDeploymentPostprocessing = 0;
		};
		183BD3441C13CE650087480A /* Frameworks */ = {
			isa = PBXFrameworksBuildPhase;
			buildActionMask = 2147483647;
			files = (
			);
			runOnlyForDeploymentPostprocessing = 0;
		};
/* End PBXFrameworksBuildPhase section */

/* Begin PBXGroup section */
		183BD3291C13CE630087480A = {
			isa = PBXGroup;
			children = (
				183BD3341C13CE640087480A /* Tips */,
				183BD34A1C13CE650087480A /* TipsTests */,
				183BD3331C13CE640087480A /* Products */,
			);
			sourceTree = "<group>";
		};
		183BD3331C13CE640087480A /* Products */ = {
			isa = PBXGroup;
			children = (
				183BD3321C13CE640087480A /* Tips.app */,
				183BD3471C13CE650087480A /* TipsTests.xctest */,
			);
			name = Products;
			sourceTree = "<group>";
		};
		183BD3341C13CE640087480A /* Tips */ = {
			isa = PBXGroup;
			children = (
				183BD3371C13CE650087480A /* AppDelegate.swift */,
				183BD3391C13CE650087480A /* ViewController.swift */,
				18E694031C34936C004161D6 /* 591260-head-128.png */,
				183BD33B1C13CE650087480A /* Main.storyboard */,
				183BD33E1C13CE650087480A /* Images.xcassets */,
				183BD3401C13CE650087480A /* LaunchScreen.xib */,
				18E693FF1C3492A8004161D6 /* tipper.png */,
				183BD3351C13CE640087480A /* Supporting Files */,
			);
			path = Tips;
			sourceTree = "<group>";
		};
		183BD3351C13CE640087480A /* Supporting Files */ = {
			isa = PBXGroup;
			children = (
				183BD3361C13CE650087480A /* Info.plist */,
			);
			name = "Supporting Files";
			sourceTree = "<group>";
		};
		183BD34A1C13CE650087480A /* TipsTests */ = {
			isa = PBXGroup;
			children = (
				183BD34D1C13CE650087480A /* TipsTests.swift */,
				183BD34B1C13CE650087480A /* Supporting Files */,
			);
			path = TipsTests;
			sourceTree = "<group>";
		};
		183BD34B1C13CE650087480A /* Supporting Files */ = {
			isa = PBXGroup;
			children = (
				183BD34C1C13CE650087480A /* Info.plist */,
			);
			name = "Supporting Files";
			sourceTree = "<group>";
		};
/* End PBXGroup section */

/* Begin PBXNativeTarget section */
		183BD3311C13CE640087480A /* Tips */ = {
			isa = PBXNativeTarget;
			buildConfigurationList = 183BD3511C13CE650087480A /* Build configuration list for PBXNativeTarget "Tips" */;
			buildPhases = (
				183BD32E1C13CE640087480A /* Sources */,
				183BD32F1C13CE640087480A /* Frameworks */,
				183BD3301C13CE640087480A /* Resources */,
			);
			buildRules = (
			);
			dependencies = (
			);
			name = Tips;
			productName = Tips;
			productReference = 183BD3321C13CE640087480A /* Tips.app */;
			productType = "com.apple.product-type.application";
		};
		183BD3461C13CE650087480A /* TipsTests */ = {
			isa = PBXNativeTarget;
			buildConfigurationList = 183BD3541C13CE650087480A /* Build configuration list for PBXNativeTarget "TipsTests" */;
			buildPhases = (
				183BD3431C13CE650087480A /* Sources */,
				183BD3441C13CE650087480A /* Frameworks */,
				183BD3451C13CE650087480A /* Resources */,
			);
			buildRules = (
			);
			dependencies = (
				183BD3491C13CE650087480A /* PBXTargetDependency */,
			);
			name = TipsTests;
			productName = TipsTests;
			productReference = 183BD3471C13CE650087480A /* TipsTests.xctest */;
			productType = "com.apple.product-type.bundle.unit-test";
		};
/* End PBXNativeTarget section */

/* Begin PBXProject section */
		183BD32A1C13CE630087480A /* Project object */ = {
			isa = PBXProject;
			attributes = {
				LastUpgradeCheck = 0620;
				ORGANIZATIONNAME = Bedengan;
				TargetAttributes = {
					183BD3311C13CE640087480A = {
						CreatedOnToolsVersion = 6.2;
					};
					183BD3461C13CE650087480A = {
						CreatedOnToolsVersion = 6.2;
						TestTargetID = 183BD3311C13CE640087480A;
					};
				};
			};
			buildConfigurationList = 183BD32D1C13CE630087480A /* Build configuration list for PBXProject "Tips" */;
			compatibilityVersion = "Xcode 3.2";
			developmentRegion = English;
			hasScannedForEncodings = 0;
			knownRegions = (
				en,
				Base,
			);
			mainGroup = 183BD3291C13CE630087480A;
			productRefGroup = 183BD3331C13CE640087480A /* Products */;
			projectDirPath = "";
			projectRoot = "";
			targets = (
				183BD3311C13CE640087480A /* Tips */,
				183BD3461C13CE650087480A /* TipsTests */,
			);
		};
/* End PBXProject section */

/* Begin PBXResourcesBuildPhase section */
		183BD3301C13CE640087480A /* Resources */ = {
			isa = PBXResourcesBuildPhase;
			buildActionMask = 2147483647;
			files = (
				183BD33D1C13CE650087480A /* Main.storyboard in Resources */,
				18E694001C3492A8004161D6 /* tipper.png in Resources */,
				18E694041C34936C004161D6 /* 591260-head-128.png in Resources */,
				183BD3421C13CE650087480A /* LaunchScreen.xib in Resources */,
				183BD33F1C13CE650087480A /* Images.xcassets in Resources */,
			);
			runOnlyForDeploymentPostprocessing = 0;
		};
		183BD3451C13CE650087480A /* Resources */ = {
			isa = PBXResourcesBuildPhase;
			buildActionMask = 2147483647;
			files = (
			);
			runOnlyForDeploymentPostprocessing = 0;
		};
/* End PBXResourcesBuildPhase section */

/* Begin PBXSourcesBuildPhase section */
		183BD32E1C13CE640087480A /* Sources */ = {
			isa = PBXSourcesBuildPhase;
			buildActionMask = 2147483647;
			files = (
				183BD33A1C13CE650087480A /* ViewController.swift in Sources */,
				183BD3381C13CE650087480A /* AppDelegate.swift in Sources */,
			);
			runOnlyForDeploymentPostprocessing = 0;
		};
		183BD3431C13CE650087480A /* Sources */ = {
			isa = PBXSourcesBuildPhase;
			buildActionMask = 2147483647;
			files = (
				183BD34E1C13CE650087480A /* TipsTests.swift in Sources */,
			);
			runOnlyForDeploymentPostprocessing = 0;
		};
/* End PBXSourcesBuildPhase section */

/* Begin PBXTargetDependency section */
		183BD3491C13CE650087480A /* PBXTargetDependency */ = {
			isa = PBXTargetDependency;
			target = 183BD3311C13CE640087480A /* Tips */;
			targetProxy = 183BD3481C13CE650087480A /* PBXContainerItemProxy */;
		};
/* End PBXTargetDependency section */

/* Begin PBXVariantGroup section */
		183BD33B1C13CE650087480A /* Main.storyboard */ = {
			isa = PBXVariantGroup;
			children = (
				183BD33C1C13CE650087480A /* Base */,
			);
			name = Main.storyboard;
			sourceTree = "<group>";
		};
		183BD3401C13CE650087480A /* LaunchScreen.xib */ = {
			isa = PBXVariantGroup;
			children = (
				183BD3411C13CE650087480A /* Base */,
			);
			name = LaunchScreen.xib;
			sourceTree = "<group>";
		};
/* End PBXVariantGroup section */

/* Begin XCBuildConfiguration section */
		183BD34F1C13CE650087480A /* Debug */ = {
			isa = XCBuildConfiguration;
			buildSettings = {
				ALWAYS_SEARCH_USER_PATHS = NO;
				CLANG_CXX_LANGUAGE_STANDARD = "gnu++0x";
				CLANG_CXX_LIBRARY = "libc++";
				CLANG_ENABLE_MODULES = YES;
				CLANG_ENABLE_OBJC_ARC = YES;
				CLANG_WARN_BOOL_CONVERSION = YES;
				CLANG_WARN_CONSTANT_CONVERSION = YES;
				CLANG_WARN_DIRECT_OBJC_ISA_USAGE = YES_ERROR;
				CLANG_WARN_EMPTY_BODY = YES;
				CLANG_WARN_ENUM_CONVERSION = YES;
				CLANG_WARN_INT_CONVERSION = YES;
				CLANG_WARN_OBJC_ROOT_CLASS = YES_ERROR;
				CLANG_WARN_UNREACHABLE_CODE = YES;
				CLANG_WARN__DUPLICATE_METHOD_MATCH = YES;
				"CODE_SIGN_IDENTITY[sdk=iphoneos*]" = "iPhone Developer";
				COPY_PHASE_STRIP = NO;
				ENABLE_STRICT_OBJC_MSGSEND = YES;
				GCC_C_LANGUAGE_STANDARD = gnu99;
				GCC_DYNAMIC_NO_PIC = NO;
				GCC_OPTIMIZATION_LEVEL = 0;
				GCC_PREPROCESSOR_DEFINITIONS = (
					"DEBUG=1",
					"$(inherited)",
				);
				GCC_SYMBOLS_PRIVATE_EXTERN = NO;
				GCC_WARN_64_TO_32_BIT_CONVERSION = YES;
				GCC_WARN_ABOUT_RETURN_TYPE = YES_ERROR;
				GCC_WARN_UNDECLARED_SELECTOR = YES;
				GCC_WARN_UNINITIALIZED_AUTOS = YES_AGGRESSIVE;
				GCC_WARN_UNUSED_FUNCTION = YES;
				GCC_WARN_UNUSED_VARIABLE = YES;
				IPHONEOS_DEPLOYMENT_TARGET = 8.2;
				MTL_ENABLE_DEBUG_INFO = YES;
				ONLY_ACTIVE_ARCH = YES;
				SDKROOT = iphoneos;
				SWIFT_OPTIMIZATION_LEVEL = "-Onone";
			};
			name = Debug;
		};
		183BD3501C13CE650087480A /* Release */ = {
			isa = XCBuildConfiguration;
			buildSettings = {
				ALWAYS_SEARCH_USER_PATHS = NO;
				CLANG_CXX_LANGUAGE_STANDARD = "gnu++0x";
				CLANG_CXX_LIBRARY = "libc++";
				CLANG_ENABLE_MODULES = YES;
				CLANG_ENABLE_OBJC_ARC = YES;
				CLANG_WARN_BOOL_CONVERSION = YES;
				CLANG_WARN_CONSTANT_CONVERSION = YES;
				CLANG_WARN_DIRECT_OBJC_ISA_USAGE = YES_ERROR;
				CLANG_WARN_EMPTY_BODY = YES;
				CLANG_WARN_ENUM_CONVERSION = YES;
				CLANG_WARN_INT_CONVERSION = YES;
				CLANG_WARN_OBJC_ROOT_CLASS = YES_ERROR;
				CLANG_WARN_UNREACHABLE_CODE = YES;
				CLANG_WARN__DUPLICATE_METHOD_MATCH = YES;
				"CODE_SIGN_IDENTITY[sdk=iphoneos*]" = "iPhone Developer";
				COPY_PHASE_STRIP = NO;
				ENABLE_NS_ASSERTIONS = NO;
				ENABLE_STRICT_OBJC_MSGSEND = YES;
				GCC_C_LANGUAGE_STANDARD = gnu99;
				GCC_WARN_64_TO_32_BIT_CONVERSION = YES;
				GCC_WARN_ABOUT_RETURN_TYPE = YES_ERROR;
				GCC_WARN_UNDECLARED_SELECTOR = YES;
				GCC_WARN_UNINITIALIZED_AUTOS = YES_AGGRESSIVE;
				GCC_WARN_UNUSED_FUNCTION = YES;
				GCC_WARN_UNUSED_VARIABLE = YES;
				IPHONEOS_DEPLOYMENT_TARGET = 8.2;
				MTL_ENABLE_DEBUG_INFO = NO;
				SDKROOT = iphoneos;
				VALIDATE_PRODUCT = YES;
			};
			name = Release;
		};
		183BD3521C13CE650087480A /* Debug */ = {
			isa = XCBuildConfiguration;
			buildSettings = {
				ASSETCATALOG_COMPILER_APPICON_NAME = AppIcon;
				INFOPLIST_FILE = Tips/Info.plist;
				LD_RUNPATH_SEARCH_PATHS = "$(inherited) @executable_path/Frameworks";
				PRODUCT_NAME = "$(TARGET_NAME)";
				TARGETED_DEVICE_FAMILY = 1;
			};
			name = Debug;
		};
		183BD3531C13CE650087480A /* Release */ = {
			isa = XCBuildConfiguration;
			buildSettings = {
				ASSETCATALOG_COMPILER_APPICON_NAME = AppIcon;
				INFOPLIST_FILE = Tips/Info.plist;
				LD_RUNPATH_SEARCH_PATHS = "$(inherited) @executable_path/Frameworks";
				PRODUCT_NAME = "$(TARGET_NAME)";
				TARGETED_DEVICE_FAMILY = 1;
			};
			name = Release;
		};
		183BD3551C13CE650087480A /* Debug */ = {
			isa = XCBuildConfiguration;
			buildSettings = {
				BUNDLE_LOADER = "$(TEST_HOST)";
				FRAMEWORK_SEARCH_PATHS = (
					"$(SDKROOT)/Developer/Library/Frameworks",
					"$(inherited)",
				);
				GCC_PREPROCESSOR_DEFINITIONS = (
					"DEBUG=1",
					"$(inherited)",
				);
				INFOPLIST_FILE = TipsTests/Info.plist;
				LD_RUNPATH_SEARCH_PATHS = "$(inherited) @executable_path/Frameworks @loader_path/Frameworks";
				PRODUCT_NAME = "$(TARGET_NAME)";
				TEST_HOST = "$(BUILT_PRODUCTS_DIR)/Tips.app/Tips";
			};
			name = Debug;
		};
		183BD3561C13CE650087480A /* Release */ = {
			isa = XCBuildConfiguration;
			buildSettings = {
				BUNDLE_LOADER = "$(TEST_HOST)";
				FRAMEWORK_SEARCH_PATHS = (
					"$(SDKROOT)/Developer/Library/Frameworks",
					"$(inherited)",
				);
				INFOPLIST_FILE = TipsTests/Info.plist;
				LD_RUNPATH_SEARCH_PATHS = "$(inherited) @executable_path/Frameworks @loader_path/Frameworks";
				PRODUCT_NAME = "$(TARGET_NAME)";
				TEST_HOST = "$(BUILT_PRODUCTS_DIR)/Tips.app/Tips";
			};
			name = Release;
		};
/* End XCBuildConfiguration section */

/* Begin XCConfigurationList section */
		183BD32D1C13CE630087480A /* Build configuration list for PBXProject "Tips" */ = {
			isa = XCConfigurationList;
			buildConfigurations = (
				183BD34F1C13CE650087480A /* Debug */,
				183BD3501C13CE650087480A /* Release */,
			);
			defaultConfigurationIsVisible = 0;
			defaultConfigurationName = Release;
		};
		183BD3511C13CE650087480A /* Build configuration list for PBXNativeTarget "Tips" */ = {
			isa = XCConfigurationList;
			buildConfigurations = (
				183BD3521C13CE650087480A /* Debug */,
				183BD3531C13CE650087480A /* Release */,
			);
			defaultConfigurationIsVisible = 0;
			defaultConfigurationName = Release;
		};
		183BD3541C13CE650087480A /* Build configuration list for PBXNativeTarget "TipsTests" */ = {
			isa = XCConfigurationList;
			buildConfigurations = (
				183BD3551C13CE650087480A /* Debug */,
				183BD3561C13CE650087480A /* Release */,
			);
			defaultConfigurationIsVisible = 0;
			defaultConfigurationName = Release;
		};
/* End XCConfigurationList section */
	};
	rootObject = 183BD32A1C13CE630087480A /* Project object */;
}
